PODS:
  - Flutter (1.0.0)
  - flutter_razorpay (0.0.1):
    - Flutter
    - razorpay-pod
  - razorpay-pod (1.1.6)

DEPENDENCIES:
  - Flutter (from `Flutter`)
  - flutter_razorpay (from `.symlinks/plugins/flutter_razorpay/ios`)

SPEC REPOS:
  trunk:
    - razorpay-pod

EXTERNAL SOURCES:
  Flutter:
    :path: Flutter
  flutter_razorpay:
    :path: ".symlinks/plugins/flutter_razorpay/ios"

SPEC CHECKSUMS:
  Flutter: 0e3d915762c693b495b44d77113d4970485de6ec
  flutter_razorpay: a6109c93f89d3f17acc201dba7c71f73c2fbe4ff
  razorpay-pod: 80bbbbd05c3f6ca44654d55f0b3381635983839e

PODFILE CHECKSUM: fe0e1ee7f3d1f7d00b11b474b62dd62134535aea

COCOAPODS: 1.9.3
